Microsoft Visual Studio Solution File, Format Version 12.00
# Visual Studio Version 17
VisualStudioVersion = 17.5.2.0
MinimumVisualStudioVersion = 10.0.40219.1
Project("{FAE04EC0-301F-11D3-BF4B-00C04F79EFBC}") = "PaytentlyTestGateway", "PaytentlyAPI\PaytentlyTestGateway.csproj", "{2072C08E-B972-43EA-9024-199533CB8AB3}"
EndProject
Global
	GlobalSection(SolutionConfigurationPlatforms) = preSolution
		Debug|Any CPU = Debug|Any CPU
		Release|Any CPU = Release|Any CPU
	EndGlobalSection
	GlobalSection(ProjectConfigurationPlatforms) = postSolution
		{2072C08E-B972-43EA-9024-199533CB8AB3}.Debug|Any CPU.ActiveCfg = Debug|Any CPU
		{2072C08E-B972-43EA-9024-199533CB8AB3}.Debug|Any CPU.Build.0 = Debug|Any CPU
		{2072C08E-B972-43EA-9024-199533CB8AB3}.Release|Any CPU.ActiveCfg = Release|Any CPU
		{2072C08E-B972-43EA-9024-199533CB8AB3}.Release|Any CPU.Build.0 = Release|Any CPU
	EndGlobalSection
	GlobalSection(SolutionProperties) = preSolution
		HideSolutionNode = FALSE
	EndGlobalSection
	GlobalSection(ExtensibilityGlobals) = postSolution
		SolutionGuid = {B3AE6FA1-1BE4-46C9-88D2-71AB4B1E4007}
	EndGlobalSection
EndGlobal
